Microsoft Visual Studio Solution File, Format Version 12.00
# Visual Studio Version 17
VisualStudioVersion = 17.5.2.0
MinimumVisualStudioVersion = 10.0.40219.1
Project("{2150E333-8FDC-42A3-9474-1A3956D46DE8}") = "AOC2025-Prep", "AOC2025-Prep", "{A74CCC99-6253-BD1A-540B-4DD5953FA59D}"
EndProject
Project("{FAE04EC0-301F-11D3-BF4B-00C04F79EFBC}") = "wordcount", "AOC2025-Prep\wordcount\wordcount.csproj", "{CB9CDF73-7570-4ABC-17F5-C223F2AAA2E3}"
EndProject
Global
	GlobalSection(SolutionConfigurationPlatforms) = preSolution
		Debug|Any CPU = Debug|Any CPU
		Release|Any CPU = Release|Any CPU
	EndGlobalSection
	GlobalSection(ProjectConfigurationPlatforms) = postSolution
		{CB9CDF73-7570-4ABC-17F5-C223F2AAA2E3}.Debug|Any CPU.ActiveCfg = Debug|Any CPU
		{CB9CDF73-7570-4ABC-17F5-C223F2AAA2E3}.Debug|Any CPU.Build.0 = Debug|Any CPU
		{CB9CDF73-7570-4ABC-17F5-C223F2AAA2E3}.Release|Any CPU.ActiveCfg = Release|Any CPU
		{CB9CDF73-7570-4ABC-17F5-C223F2AAA2E3}.Release|Any CPU.Build.0 = Release|Any CPU
	EndGlobalSection
	GlobalSection(SolutionProperties) = preSolution
		HideSolutionNode = FALSE
	EndGlobalSection
	GlobalSection(NestedProjects) = preSolution
		{CB9CDF73-7570-4ABC-17F5-C223F2AAA2E3} = {A74CCC99-6253-BD1A-540B-4DD5953FA59D}
	EndGlobalSection
	GlobalSection(ExtensibilityGlobals) = postSolution
		SolutionGuid = {3B22909A-76FD-482D-A77A-4FCA2B455C85}
	EndGlobalSection
EndGlobal
